
Microsoft Visual Studio Solution File, Format Version 12.00
# Visual Studio Version 16
VisualStudioVersion = 16.0.32802.440
MinimumVisualStudioVersion = 10.0.40219.1
Project("{FAE04EC0-301F-11D3-BF4B-00C04F79EFBC}") = "classHuman", "classHuman\classHuman.csproj", "{A83153F7-6E69-4A46-9355-8AE91636621A}"
EndProject
Global
	GlobalSection(SolutionConfigurationPlatforms) = preSolution
		Debug|Any CPU = Debug|Any CPU
		Release|Any CPU = Release|Any CPU
	EndGlobalSection
	GlobalSection(ProjectConfigurationPlatforms) = postSolution
		{A83153F7-6E69-4A46-9355-8AE91636621A}.Debug|Any CPU.ActiveCfg = Debug|Any CPU
		{A83153F7-6E69-4A46-9355-8AE91636621A}.Debug|Any CPU.Build.0 = Debug|Any CPU
		{A83153F7-6E69-4A46-9355-8AE91636621A}.Release|Any CPU.ActiveCfg = Release|Any CPU
		{A83153F7-6E69-4A46-9355-8AE91636621A}.Release|Any CPU.Build.0 = Release|Any CPU
	EndGlobalSection
	GlobalSection(SolutionProperties) = preSolution
		HideSolutionNode = FALSE
	EndGlobalSection
	GlobalSection(ExtensibilityGlobals) = postSolution
		SolutionGuid = {E009C375-AFF0-44C8-80E7-1A848F8093F4}
	EndGlobalSection
EndGlobal
